// !$*UTF8*$!
{
	archiveVersion = 1;
	classes = {
	};
	objectVersion = 56;
	objects = {

/* Begin PBXBuildFile section */
		14B89D102A0E15F30031EBBC /* AppDelegate.m in Sources */ = {isa = PBXBuildFile; fileRef = 14B89D0F2A0E15F30031EBBC /* AppDelegate.m */; };
		14B89D132A0E15F30031EBBC /* SceneDelegate.m in Sources */ = {isa = PBXBuildFile; fileRef = 14B89D122A0E15F30031EBBC /* SceneDelegate.m */; };
		14B89D162A0E15F30031EBBC /* ViewController.m in Sources */ = {isa = PBXBuildFile; fileRef = 14B89D152A0E15F30031EBBC /* ViewController.m */; };
		14B89D192A0E15F30031EBBC /* Main.storyboard in Resources */ = {isa = PBXBuildFile; fileRef = 14B89D172A0E15F30031EBBC /* Main.storyboard */; };
		14B89D1B2A0E15F50031EBBC /* Assets.xcassets in Resources */ = {isa = PBXBuildFile; fileRef = 14B89D1A2A0E15F50031EBBC /* Assets.xcassets */; };
		14B89D1E2A0E15F50031EBBC /* LaunchScreen.storyboard in Resources */ = {isa = PBXBuildFile; fileRef = 14B89D1C2A0E15F50031EBBC /* LaunchScreen.storyboard */; };
		14B89D212A0E15F50031EBBC /* main.m in Sources */ = {isa = PBXBuildFile; fileRef = 14B89D202A0E15F50031EBBC /* main.m */; };
		14B89D312A0E183C0031EBBC /* m.dat in Resources */ = {isa = PBXBuildFile; fileRef = 14B89D2B2A0E183C0031EBBC /* m.dat */; };
		14B89D322A0E183C0031EBBC /* paramB in Resources */ = {isa = PBXBuildFile; fileRef = 14B89D2C2A0E183C0031EBBC /* paramB */; };
		14B89D332A0E183C0031EBBC /* license in Resources */ = {isa = PBXBuildFile; fileRef = 14B89D2D2A0E183C0031EBBC /* license */; };
		14B89D342A0E183C0031EBBC /* paramC in Resources */ = {isa = PBXBuildFile; fileRef = 14B89D2E2A0E183C0031EBBC /* paramC */; };
		14B89D352A0E183C0031EBBC /* paramA in Resources */ = {isa = PBXBuildFile; fileRef = 14B89D2F2A0E183C0031EBBC /* paramA */; };
		14B89D362A0E183C0031EBBC /* f.dat in Resources */ = {isa = PBXBuildFile; fileRef = 14B89D302A0E183C0031EBBC /* f.dat */; };
		14B89D372A0E185C0031EBBC /* libc++.tbd in Frameworks */ = {isa = PBXBuildFile; fileRef = 14B89D292A0E17CA0031EBBC /* libc++.tbd */; };
		9F453BCF2A41CCA1001C7E40 /* DubbingRtvcFilter.framework in Frameworks */ = {isa = PBXBuildFile; fileRef = 9F453BCE2A41CCA1001C7E40 /* DubbingRtvcFilter.framework */; };
		CDEB067A35DD8437FE3F5BDB /* Pods_DBDemo.framework in Frameworks */ = {isa = PBXBuildFile; fileRef = F6A516F86FEAE14A096E30D2 /* Pods_DBDemo.framework */; };
/* End PBXBuildFile section */

/* Begin PBXFileReference section */
		14B89D0B2A0E15F30031EBBC /* DBDemo.app */ = {isa = PBXFileReference; explicitFileType = wrapper.application; includeInIndex = 0; path = DBDemo.app; sourceTree = BUILT_PRODUCTS_DIR; };
		14B89D0E2A0E15F30031EBBC /* AppDelegate.h */ = {isa = PBXFileReference; lastKnownFileType = sourcecode.c.h; path = AppDelegate.h; sourceTree = "<group>"; };
		14B89D0F2A0E15F30031EBBC /* AppDelegate.m */ = {isa = PBXFileReference; lastKnownFileType = sourcecode.c.objc; path = AppDelegate.m; sourceTree = "<group>"; };
		14B89D112A0E15F30031EBBC /* SceneDelegate.h */ = {isa = PBXFileReference; lastKnownFileType = sourcecode.c.h; path = SceneDelegate.h; sourceTree = "<group>"; };
		14B89D122A0E15F30031EBBC /* SceneDelegate.m */ = {isa = PBXFileReference; lastKnownFileType = sourcecode.c.objc; path = SceneDelegate.m; sourceTree = "<group>"; };
		14B89D142A0E15F30031EBBC /* ViewController.h */ = {isa = PBXFileReference; lastKnownFileType = sourcecode.c.h; path = ViewController.h; sourceTree = "<group>"; };
		14B89D152A0E15F30031EBBC /* ViewController.m */ = {isa = PBXFileReference; lastKnownFileType = sourcecode.c.objc; path = ViewController.m; sourceTree = "<group>"; };
		14B89D182A0E15F30031EBBC /* Base */ = {isa = PBXFileReference; lastKnownFileType = file.storyboard; name = Base; path = Base.lproj/Main.storyboard; sourceTree = "<group>"; };
		14B89D1A2A0E15F50031EBBC /* Assets.xcassets */ = {isa = PBXFileReference; lastKnownFileType = folder.assetcatalog; path = Assets.xcassets; sourceTree = "<group>"; };
		14B89D1D2A0E15F50031EBBC /* Base */ = {isa = PBXFileReference; lastKnownFileType = file.storyboard; name = Base; path = Base.lproj/LaunchScreen.storyboard; sourceTree = "<group>"; };
		14B89D1F2A0E15F50031EBBC /* Info.plist */ = {isa = PBXFileReference; lastKnownFileType = text.plist.xml; path = Info.plist; sourceTree = "<group>"; };
		14B89D202A0E15F50031EBBC /* main.m */ = {isa = PBXFileReference; lastKnownFileType = sourcecode.c.objc; path = main.m; sourceTree = "<group>"; };
		14B89D292A0E17CA0031EBBC /* libc++.tbd */ = {isa = PBXFileReference; lastKnownFileType = "sourcecode.text-based-dylib-definition"; name = "libc++.tbd"; path = "usr/lib/libc++.tbd"; sourceTree = SDKROOT; };
		14B89D2B2A0E183C0031EBBC /* m.dat */ = {isa = PBXFileReference; fileEncoding = 4; lastKnownFileType = text; path = m.dat; sourceTree = "<group>"; };
		14B89D2C2A0E183C0031EBBC /* paramB */ = {isa = PBXFileReference; lastKnownFileType = text; path = paramB; sourceTree = "<group>"; };
		14B89D2D2A0E183C0031EBBC /* license */ = {isa = PBXFileReference; fileEncoding = 4; lastKnownFileType = text; path = license; sourceTree = "<group>"; };
		14B89D2E2A0E183C0031EBBC /* paramC */ = {isa = PBXFileReference; lastKnownFileType = text; path = paramC; sourceTree = "<group>"; };
		14B89D2F2A0E183C0031EBBC /* paramA */ = {isa = PBXFileReference; lastKnownFileType = text; path = paramA; sourceTree = "<group>"; };
		14B89D302A0E183C0031EBBC /* f.dat */ = {isa = PBXFileReference; fileEncoding = 4; lastKnownFileType = text; path = f.dat; sourceTree = "<group>"; };
		3EF2F4D490FDA5A315E1A78C /* Pods-DBDemo.debug.xcconfig */ = {isa = PBXFileReference; includeInIndex = 1; lastKnownFileType = text.xcconfig; name = "Pods-DBDemo.debug.xcconfig"; path = "Target Support Files/Pods-DBDemo/Pods-DBDemo.debug.xcconfig"; sourceTree = "<group>"; };
		9F453BCE2A41CCA1001C7E40 /* DubbingRtvcFilter.framework */ = {isa = PBXFileReference; lastKnownFileType = wrapper.framework; path = DubbingRtvcFilter.framework; sourceTree = "<group>"; };
		F6A516F86FEAE14A096E30D2 /* Pods_DBDemo.framework */ = {isa = PBXFileReference; explicitFileType = wrapper.framework; includeInIndex = 0; path = Pods_DBDemo.framework; sourceTree = BUILT_PRODUCTS_DIR; };
		FE30D419541D9A07B0BA0DBE /* Pods-DBDemo.release.xcconfig */ = {isa = PBXFileReference; includeInIndex = 1; lastKnownFileType = text.xcconfig; name = "Pods-DBDemo.release.xcconfig"; path = "Target Support Files/Pods-DBDemo/Pods-DBDemo.release.xcconfig"; sourceTree = "<group>"; };
/* End PBXFileReference section */

/* Begin PBXFrameworksBuildPhase section */
		14B89D082A0E15F30031EBBC /* Frameworks */ = {
			isa = PBXFrameworksBuildPhase;
			buildActionMask = 2147483647;
			files = (
				9F453BCF2A41CCA1001C7E40 /* DubbingRtvcFilter.framework in Frameworks */,
				14B89D372A0E185C0031EBBC /* libc++.tbd in Frameworks */,
				CDEB067A35DD8437FE3F5BDB /* Pods_DBDemo.framework in Frameworks */,
			);
			runOnlyForDeploymentPostprocessing = 0;
		};
/* End PBXFrameworksBuildPhase section */

/* Begin PBXGroup section */
		14B89D022A0E15F30031EBBC = {
			isa = PBXGroup;
			children = (
				14B89D0D2A0E15F30031EBBC /* DBDemo */,
				14B89D0C2A0E15F30031EBBC /* Products */,
				F7CC6D55CF20230D912814D0 /* Pods */,
				6BA2261FBA00FB0A1451C4F6 /* Frameworks */,
			);
			sourceTree = "<group>";
		};
		14B89D0C2A0E15F30031EBBC /* Products */ = {
			isa = PBXGroup;
			children = (
				14B89D0B2A0E15F30031EBBC /* DBDemo.app */,
			);
			name = Products;
			sourceTree = "<group>";
		};
		14B89D0D2A0E15F30031EBBC /* DBDemo */ = {
			isa = PBXGroup;
			children = (
				9F453BCE2A41CCA1001C7E40 /* DubbingRtvcFilter.framework */,
				14B89D2A2A0E183C0031EBBC /* Resources */,
				14B89D0E2A0E15F30031EBBC /* AppDelegate.h */,
				14B89D0F2A0E15F30031EBBC /* AppDelegate.m */,
				14B89D112A0E15F30031EBBC /* SceneDelegate.h */,
				14B89D122A0E15F30031EBBC /* SceneDelegate.m */,
				14B89D142A0E15F30031EBBC /* ViewController.h */,
				14B89D152A0E15F30031EBBC /* ViewController.m */,
				14B89D172A0E15F30031EBBC /* Main.storyboard */,
				14B89D1A2A0E15F50031EBBC /* Assets.xcassets */,
				14B89D1C2A0E15F50031EBBC /* LaunchScreen.storyboard */,
				14B89D1F2A0E15F50031EBBC /* Info.plist */,
				14B89D202A0E15F50031EBBC /* main.m */,
			);
			path = DBDemo;
			sourceTree = "<group>";
		};
		14B89D2A2A0E183C0031EBBC /* Resources */ = {
			isa = PBXGroup;
			children = (
				14B89D2B2A0E183C0031EBBC /* m.dat */,
				14B89D2C2A0E183C0031EBBC /* paramB */,
				14B89D2D2A0E183C0031EBBC /* license */,
				14B89D2E2A0E183C0031EBBC /* paramC */,
				14B89D2F2A0E183C0031EBBC /* paramA */,
				14B89D302A0E183C0031EBBC /* f.dat */,
			);
			path = Resources;
			sourceTree = "<group>";
		};
		6BA2261FBA00FB0A1451C4F6 /* Frameworks */ = {
			isa = PBXGroup;
			children = (
				14B89D292A0E17CA0031EBBC /* libc++.tbd */,
				F6A516F86FEAE14A096E30D2 /* Pods_DBDemo.framework */,
			);
			name = Frameworks;
			sourceTree = "<group>";
		};
		F7CC6D55CF20230D912814D0 /* Pods */ = {
			isa = PBXGroup;
			children = (
				3EF2F4D490FDA5A315E1A78C /* Pods-DBDemo.debug.xcconfig */,
				FE30D419541D9A07B0BA0DBE /* Pods-DBDemo.release.xcconfig */,
			);
			path = Pods;
			sourceTree = "<group>";
		};
/* End PBXGroup section */

/* Begin PBXNativeTarget section */
		14B89D0A2A0E15F30031EBBC /* DBDemo */ = {
			isa = PBXNativeTarget;
			buildConfigurationList = 14B89D242A0E15F50031EBBC /* Build configuration list for PBXNativeTarget "DBDemo" */;
			buildPhases = (
				A06E994E99B2F2C501F4A40B /* [CP] Check Pods Manifest.lock */,
				14B89D072A0E15F30031EBBC /* Sources */,
				14B89D082A0E15F30031EBBC /* Frameworks */,
				14B89D092A0E15F30031EBBC /* Resources */,
				1712858556A8989F4EEEEFF8 /* [CP] Embed Pods Frameworks */,
			);
			buildRules = (
			);
			dependencies = (
			);
			name = DBDemo;
			productName = DBDemo;
			productReference = 14B89D0B2A0E15F30031EBBC /* DBDemo.app */;
			productType = "com.apple.product-type.application";
		};
/* End PBXNativeTarget section */

/* Begin PBXProject section */
		14B89D032A0E15F30031EBBC /* Project object */ = {
			isa = PBXProject;
			attributes = {
				BuildIndependentTargetsInParallel = 1;
				LastUpgradeCheck = 1430;
				TargetAttributes = {
					14B89D0A2A0E15F30031EBBC = {
						CreatedOnToolsVersion = 14.3;
					};
				};
			};
			buildConfigurationList = 14B89D062A0E15F30031EBBC /* Build configuration list for PBXProject "DBDemo" */;
			compatibilityVersion = "Xcode 14.0";
			developmentRegion = en;
			hasScannedForEncodings = 0;
			knownRegions = (
				en,
				Base,
			);
			mainGroup = 14B89D022A0E15F30031EBBC;
			productRefGroup = 14B89D0C2A0E15F30031EBBC /* Products */;
			projectDirPath = "";
			projectRoot = "";
			targets = (
				14B89D0A2A0E15F30031EBBC /* DBDemo */,
			);
		};
/* End PBXProject section */

/* Begin PBXResourcesBuildPhase section */
		14B89D092A0E15F30031EBBC /* Resources */ = {
			isa = PBXResourcesBuildPhase;
			buildActionMask = 2147483647;
			files = (
				14B89D352A0E183C0031EBBC /* paramA in Resources */,
				14B89D332A0E183C0031EBBC /* license in Resources */,
				14B89D322A0E183C0031EBBC /* paramB in Resources */,
				14B89D1E2A0E15F50031EBBC /* LaunchScreen.storyboard in Resources */,
				14B89D312A0E183C0031EBBC /* m.dat in Resources */,
				14B89D1B2A0E15F50031EBBC /* Assets.xcassets in Resources */,
				14B89D362A0E183C0031EBBC /* f.dat in Resources */,
				14B89D192A0E15F30031EBBC /* Main.storyboard in Resources */,
				14B89D342A0E183C0031EBBC /* paramC in Resources */,
			);
			runOnlyForDeploymentPostprocessing = 0;
		};
/* End PBXResourcesBuildPhase section */

/* Begin PBXShellScriptBuildPhase section */
		1712858556A8989F4EEEEFF8 /* [CP] Embed Pods Frameworks */ = {
			isa = PBXShellScriptBuildPhase;
			buildActionMask = 2147483647;
			files = (
			);
			inputFileListPaths = (
				"${PODS_ROOT}/Target Support Files/Pods-DBDemo/Pods-DBDemo-frameworks-${CONFIGURATION}-input-files.xcfilelist",
			);
			name = "[CP] Embed Pods Frameworks";
			outputFileListPaths = (
				"${PODS_ROOT}/Target Support Files/Pods-DBDemo/Pods-DBDemo-frameworks-${CONFIGURATION}-output-files.xcfilelist",
			);
			runOnlyForDeploymentPostprocessing = 0;
			shellPath = /bin/sh;
			shellScript = "\"${PODS_ROOT}/Target Support Files/Pods-DBDemo/Pods-DBDemo-frameworks.sh\"\n";
			showEnvVarsInLog = 0;
		};
		A06E994E99B2F2C501F4A40B /* [CP] Check Pods Manifest.lock */ = {
			isa = PBXShellScriptBuildPhase;
			buildActionMask = 2147483647;
			files = (
			);
			inputFileListPaths = (
			);
			inputPaths = (
				"${PODS_PODFILE_DIR_PATH}/Podfile.lock",
				"${PODS_ROOT}/Manifest.lock",
			);
			name = "[CP] Check Pods Manifest.lock";
			outputFileListPaths = (
			);
			outputPaths = (
				"$(DERIVED_FILE_DIR)/Pods-DBDemo-checkManifestLockResult.txt",
			);
			runOnlyForDeploymentPostprocessing = 0;
			shellPath = /bin/sh;
			shellScript = "diff \"${PODS_PODFILE_DIR_PATH}/Podfile.lock\" \"${PODS_ROOT}/Manifest.lock\" > /dev/null\nif [ $? != 0 ] ; then\n    # print error to STDERR\n    echo \"error: The sandbox is not in sync with the Podfile.lock. Run 'pod install' or update your CocoaPods installation.\" >&2\n    exit 1\nfi\n# This output is used by Xcode 'outputs' to avoid re-running this script phase.\necho \"SUCCESS\" > \"${SCRIPT_OUTPUT_FILE_0}\"\n";
			showEnvVarsInLog = 0;
		};
/* End PBXShellScriptBuildPhase section */

/* Begin PBXSourcesBuildPhase section */
		14B89D072A0E15F30031EBBC /* Sources */ = {
			isa = PBXSourcesBuildPhase;
			buildActionMask = 2147483647;
			files = (
				14B89D162A0E15F30031EBBC /* ViewController.m in Sources */,
				14B89D102A0E15F30031EBBC /* AppDelegate.m in Sources */,
				14B89D212A0E15F50031EBBC /* main.m in Sources */,
				14B89D132A0E15F30031EBBC /* SceneDelegate.m in Sources */,
			);
			runOnlyForDeploymentPostprocessing = 0;
		};
/* End PBXSourcesBuildPhase section */

/* Begin PBXVariantGroup section */
		14B89D172A0E15F30031EBBC /* Main.storyboard */ = {
			isa = PBXVariantGroup;
			children = (
				14B89D182A0E15F30031EBBC /* Base */,
			);
			name = Main.storyboard;
			sourceTree = "<group>";
		};
		14B89D1C2A0E15F50031EBBC /* LaunchScreen.storyboard */ = {
			isa = PBXVariantGroup;
			children = (
				14B89D1D2A0E15F50031EBBC /* Base */,
			);
			name = LaunchScreen.storyboard;
			sourceTree = "<group>";
		};
/* End PBXVariantGroup section */

/* Begin XCBuildConfiguration section */
		14B89D222A0E15F50031EBBC /* Debug */ = {
			isa = XCBuildConfiguration;
			buildSettings = {
				ALWAYS_SEARCH_USER_PATHS = NO;
				CLANG_ANALYZER_NONNULL = YES;
				CLANG_ANALYZER_NUMBER_OBJECT_CONVERSION = YES_AGGRESSIVE;
				CLANG_CXX_LANGUAGE_STANDARD = "gnu++20";
				CLANG_ENABLE_MODULES = YES;
				CLANG_ENABLE_OBJC_ARC = YES;
				CLANG_ENABLE_OBJC_WEAK = YES;
				CLANG_WARN_BLOCK_CAPTURE_AUTORELEASING = YES;
				CLANG_WARN_BOOL_CONVERSION = YES;
				CLANG_WARN_COMMA = YES;
				CLANG_WARN_CONSTANT_CONVERSION = YES;
				CLANG_WARN_DEPRECATED_OBJC_IMPLEMENTATIONS = YES;
				CLANG_WARN_DIRECT_OBJC_ISA_USAGE = YES_ERROR;
				CLANG_WARN_DOCUMENTATION_COMMENTS = YES;
				CLANG_WARN_EMPTY_BODY = YES;
				CLANG_WARN_ENUM_CONVERSION = YES;
				CLANG_WARN_INFINITE_RECURSION = YES;
				CLANG_WARN_INT_CONVERSION = YES;
				CLANG_WARN_NON_LITERAL_NULL_CONVERSION = YES;
				CLANG_WARN_OBJC_IMPLICIT_RETAIN_SELF = YES;
				CLANG_WARN_OBJC_LITERAL_CONVERSION = YES;
				CLANG_WARN_OBJC_ROOT_CLASS = YES_ERROR;
				CLANG_WARN_QUOTED_INCLUDE_IN_FRAMEWORK_HEADER = YES;
				CLANG_WARN_RANGE_LOOP_ANALYSIS = YES;
				CLANG_WARN_STRICT_PROTOTYPES = YES;
				CLANG_WARN_SUSPICIOUS_MOVE = YES;
				CLANG_WARN_UNGUARDED_AVAILABILITY = YES_AGGRESSIVE;
				CLANG_WARN_UNREACHABLE_CODE = YES;
				CLANG_WARN__DUPLICATE_METHOD_MATCH = YES;
				COPY_PHASE_STRIP = NO;
				DEBUG_INFORMATION_FORMAT = dwarf;
				ENABLE_STRICT_OBJC_MSGSEND = YES;
				ENABLE_TESTABILITY = YES;
				GCC_C_LANGUAGE_STANDARD = gnu11;
				GCC_DYNAMIC_NO_PIC = NO;
				GCC_NO_COMMON_BLOCKS = YES;
				GCC_OPTIMIZATION_LEVEL = 0;
				GCC_PREPROCESSOR_DEFINITIONS = (
					"DEBUG=1",
					"$(inherited)",
				);
				GCC_WARN_64_TO_32_BIT_CONVERSION = YES;
				GCC_WARN_ABOUT_RETURN_TYPE = YES_ERROR;
				GCC_WARN_UNDECLARED_SELECTOR = YES;
				GCC_WARN_UNINITIALIZED_AUTOS = YES_AGGRESSIVE;
				GCC_WARN_UNUSED_FUNCTION = YES;
				GCC_WARN_UNUSED_VARIABLE = YES;
				IPHONEOS_DEPLOYMENT_TARGET = 16.4;
				MTL_ENABLE_DEBUG_INFO = INCLUDE_SOURCE;
				MTL_FAST_MATH = YES;
				ONLY_ACTIVE_ARCH = YES;
				SDKROOT = iphoneos;
			};
			name = Debug;
		};
		14B89D232A0E15F50031EBBC /* Release */ = {
			isa = XCBuildConfiguration;
			buildSettings = {
				ALWAYS_SEARCH_USER_PATHS = NO;
				CLANG_ANALYZER_NONNULL = YES;
				CLANG_ANALYZER_NUMBER_OBJECT_CONVERSION = YES_AGGRESSIVE;
				CLANG_CXX_LANGUAGE_STANDARD = "gnu++20";
				CLANG_ENABLE_MODULES = YES;
				CLANG_ENABLE_OBJC_ARC = YES;
				CLANG_ENABLE_OBJC_WEAK = YES;
				CLANG_WARN_BLOCK_CAPTURE_AUTORELEASING = YES;
				CLANG_WARN_BOOL_CONVERSION = YES;
				CLANG_WARN_COMMA = YES;
				CLANG_WARN_CONSTANT_CONVERSION = YES;
				CLANG_WARN_DEPRECATED_OBJC_IMPLEMENTATIONS = YES;
				CLANG_WARN_DIRECT_OBJC_ISA_USAGE = YES_ERROR;
				CLANG_WARN_DOCUMENTATION_COMMENTS = YES;
				CLANG_WARN_EMPTY_BODY = YES;
				CLANG_WARN_ENUM_CONVERSION = YES;
				CLANG_WARN_INFINITE_RECURSION = YES;
				CLANG_WARN_INT_CONVERSION = YES;
				CLANG_WARN_NON_LITERAL_NULL_CONVERSION = YES;
				CLANG_WARN_OBJC_IMPLICIT_RETAIN_SELF = YES;
				CLANG_WARN_OBJC_LITERAL_CONVERSION = YES;
				CLANG_WARN_OBJC_ROOT_CLASS = YES_ERROR;
				CLANG_WARN_QUOTED_INCLUDE_IN_FRAMEWORK_HEADER = YES;
				CLANG_WARN_RANGE_LOOP_ANALYSIS = YES;
				CLANG_WARN_STRICT_PROTOTYPES = YES;
				CLANG_WARN_SUSPICIOUS_MOVE = YES;
				CLANG_WARN_UNGUARDED_AVAILABILITY = YES_AGGRESSIVE;
				CLANG_WARN_UNREACHABLE_CODE = YES;
				CLANG_WARN__DUPLICATE_METHOD_MATCH = YES;
				COPY_PHASE_STRIP = NO;
				DEBUG_INFORMATION_FORMAT = "dwarf-with-dsym";
				ENABLE_NS_ASSERTIONS = NO;
				ENABLE_STRICT_OBJC_MSGSEND = YES;
				GCC_C_LANGUAGE_STANDARD = gnu11;
				GCC_NO_COMMON_BLOCKS = YES;
				GCC_WARN_64_TO_32_BIT_CONVERSION = YES;
				GCC_WARN_ABOUT_RETURN_TYPE = YES_ERROR;
				GCC_WARN_UNDECLARED_SELECTOR = YES;
				GCC_WARN_UNINITIALIZED_AUTOS = YES_AGGRESSIVE;
				GCC_WARN_UNUSED_FUNCTION = YES;
				GCC_WARN_UNUSED_VARIABLE = YES;
				IPHONEOS_DEPLOYMENT_TARGET = 16.4;
				MTL_ENABLE_DEBUG_INFO = NO;
				MTL_FAST_MATH = YES;
				SDKROOT = iphoneos;
				VALIDATE_PRODUCT = YES;
			};
			name = Release;
		};
		14B89D252A0E15F50031EBBC /* Debug */ = {
			isa = XCBuildConfiguration;
			baseConfigurationReference = 3EF2F4D490FDA5A315E1A78C /* Pods-DBDemo.debug.xcconfig */;
			buildSettings = {
				ASSETCATALOG_COMPILER_APPICON_NAME = AppIcon;
				ASSETCATALOG_COMPILER_GLOBAL_ACCENT_COLOR_NAME = AccentColor;
				CODE_SIGN_STYLE = Automatic;
				CURRENT_PROJECT_VERSION = 1;
				DEVELOPMENT_TEAM = XZHPG8VYHC;
				FRAMEWORK_SEARCH_PATHS = (
					"$(inherited)",
					"$(PROJECT_DIR)/DBDemo",
				);
				GENERATE_INFOPLIST_FILE = YES;
				INFOPLIST_FILE = DBDemo/Info.plist;
				INFOPLIST_KEY_NSMicrophoneUsageDescription = "we need Microphone";
				INFOPLIST_KEY_UIApplicationSupportsIndirectInputEvents = YES;
				INFOPLIST_KEY_UILaunchStoryboardName = LaunchScreen;
				INFOPLIST_KEY_UIMainStoryboardFile = Main;
				INFOPLIST_KEY_UISupportedInterfaceOrientations_iPad = "UIInterfaceOrientationPortrait UIInterfaceOrientationPortraitUpsideDown UIInterfaceOrientationLandscapeLeft UIInterfaceOrientationLandscapeRight";
				INFOPLIST_KEY_UISupportedInterfaceOrientations_iPhone = "UIInterfaceOrientationPortrait UIInterfaceOrientationLandscapeLeft UIInterfaceOrientationLandscapeRight";
				LD_RUNPATH_SEARCH_PATHS = (
					"$(inherited)",
					"@executable_path/Frameworks",
				);
				MARKETING_VERSION = 1.0;
				PRODUCT_BUNDLE_IDENTIFIER = com.gerzz.demo;
				PRODUCT_NAME = "$(TARGET_NAME)";
				SWIFT_EMIT_LOC_STRINGS = YES;
				TARGETED_DEVICE_FAMILY = "1,2";
			};
			name = Debug;
		};
		14B89D262A0E15F50031EBBC /* Release */ = {
			isa = XCBuildConfiguration;
			baseConfigurationReference = FE30D419541D9A07B0BA0DBE /* Pods-DBDemo.release.xcconfig */;
			buildSettings = {
				ASSETCATALOG_COMPILER_APPICON_NAME = AppIcon;
				ASSETCATALOG_COMPILER_GLOBAL_ACCENT_COLOR_NAME = AccentColor;
				CODE_SIGN_STYLE = Automatic;
				CURRENT_PROJECT_VERSION = 1;
				DEVELOPMENT_TEAM = XZHPG8VYHC;
				FRAMEWORK_SEARCH_PATHS = (
					"$(inherited)",
					"$(PROJECT_DIR)/DBDemo",
				);
				GENERATE_INFOPLIST_FILE = YES;
				INFOPLIST_FILE = DBDemo/Info.plist;
				INFOPLIST_KEY_NSMicrophoneUsageDescription = "we need Microphone";
				INFOPLIST_KEY_UIApplicationSupportsIndirectInputEvents = YES;
				INFOPLIST_KEY_UILaunchStoryboardName = LaunchScreen;
				INFOPLIST_KEY_UIMainStoryboardFile = Main;
				INFOPLIST_KEY_UISupportedInterfaceOrientations_iPad = "UIInterfaceOrientationPortrait UIInterfaceOrientationPortraitUpsideDown UIInterfaceOrientationLandscapeLeft UIInterfaceOrientationLandscapeRight";
				INFOPLIST_KEY_UISupportedInterfaceOrientations_iPhone = "UIInterfaceOrientationPortrait UIInterfaceOrientationLandscapeLeft UIInterfaceOrientationLandscapeRight";
				LD_RUNPATH_SEARCH_PATHS = (
					"$(inherited)",
					"@executable_path/Frameworks",
				);
				MARKETING_VERSION = 1.0;
				PRODUCT_BUNDLE_IDENTIFIER = com.gerzz.demo;
				PRODUCT_NAME = "$(TARGET_NAME)";
				SWIFT_EMIT_LOC_STRINGS = YES;
				TARGETED_DEVICE_FAMILY = "1,2";
			};
			name = Release;
		};
/* End XCBuildConfiguration section */

/* Begin XCConfigurationList section */
		14B89D062A0E15F30031EBBC /* Build configuration list for PBXProject "DBDemo" */ = {
			isa = XCConfigurationList;
			buildConfigurations = (
				14B89D222A0E15F50031EBBC /* Debug */,
				14B89D232A0E15F50031EBBC /* Release */,
			);
			defaultConfigurationIsVisible = 0;
			defaultConfigurationName = Release;
		};
		14B89D242A0E15F50031EBBC /* Build configuration list for PBXNativeTarget "DBDemo" */ = {
			isa = XCConfigurationList;
			buildConfigurations = (
				14B89D252A0E15F50031EBBC /* Debug */,
				14B89D262A0E15F50031EBBC /* Release */,
			);
			defaultConfigurationIsVisible = 0;
			defaultConfigurationName = Release;
		};
/* End XCConfigurationList section */
	};
	rootObject = 14B89D032A0E15F30031EBBC /* Project object */;
}
