// !$*UTF8*$!
{
	archiveVersion = 1;
	classes = {
	};
	objectVersion = 56;
	objects = {

/* Begin PBXBuildFile section */
		1409824F29F15A9D00F7A3DF /* AppDelegate.m in Sources */ = {isa = PBXBuildFile; fileRef = 1409824E29F15A9D00F7A3DF /* AppDelegate.m */; };
		1409825229F15A9D00F7A3DF /* SceneDelegate.m in Sources */ = {isa = PBXBuildFile; fileRef = 1409825129F15A9D00F7A3DF /* SceneDelegate.m */; };
		1409825529F15A9D00F7A3DF /* ViewController.m in Sources */ = {isa = PBXBuildFile; fileRef = 1409825429F15A9D00F7A3DF /* ViewController.m */; };
		1409825829F15A9D00F7A3DF /* Main.storyboard in Resources */ = {isa = PBXBuildFile; fileRef = 1409825629F15A9D00F7A3DF /* Main.storyboard */; };
		1409825A29F15A9F00F7A3DF /* Assets.xcassets in Resources */ = {isa = PBXBuildFile; fileRef = 1409825929F15A9F00F7A3DF /* Assets.xcassets */; };
		1409825D29F15A9F00F7A3DF /* LaunchScreen.storyboard in Resources */ = {isa = PBXBuildFile; fileRef = 1409825B29F15A9F00F7A3DF /* LaunchScreen.storyboard */; };
		1409826029F15A9F00F7A3DF /* main.m in Sources */ = {isa = PBXBuildFile; fileRef = 1409825F29F15A9F00F7A3DF /* main.m */; };
		1409826729F15B2E00F7A3DF /* MyFuckingPowerFilter.framework in Frameworks */ = {isa = PBXBuildFile; fileRef = 1409826629F15B2E00F7A3DF /* MyFuckingPowerFilter.framework */; };
		1409826929F15C1C00F7A3DF /* libc++.tbd in Frameworks */ = {isa = PBXBuildFile; fileRef = 1409826829F15C0F00F7A3DF /* libc++.tbd */; };
		140A8DB1CE503E51B1269849 /* Pods_DBDome.framework in Frameworks */ = {isa = PBXBuildFile; fileRef = 303118ACD86D0E9BC05C29D9 /* Pods_DBDome.framework */; };
		14E3A2B529F229EB0062FED0 /* m.dat in Resources */ = {isa = PBXBuildFile; fileRef = 14E3A2AF29F229EB0062FED0 /* m.dat */; };
		14E3A2B629F229EB0062FED0 /* paramB in Resources */ = {isa = PBXBuildFile; fileRef = 14E3A2B029F229EB0062FED0 /* paramB */; };
		14E3A2B729F229EB0062FED0 /* license in Resources */ = {isa = PBXBuildFile; fileRef = 14E3A2B129F229EB0062FED0 /* license */; };
		14E3A2B829F229EB0062FED0 /* paramC in Resources */ = {isa = PBXBuildFile; fileRef = 14E3A2B229F229EB0062FED0 /* paramC */; };
		14E3A2B929F229EB0062FED0 /* paramA in Resources */ = {isa = PBXBuildFile; fileRef = 14E3A2B329F229EB0062FED0 /* paramA */; };
		14E3A2BA29F229EB0062FED0 /* f.dat in Resources */ = {isa = PBXBuildFile; fileRef = 14E3A2B429F229EB0062FED0 /* f.dat */; };
/* End PBXBuildFile section */

/* Begin PBXFileReference section */
		1409824A29F15A9D00F7A3DF /* DBDome.app */ = {isa = PBXFileReference; explicitFileType = wrapper.application; includeInIndex = 0; path = DBDome.app; sourceTree = BUILT_PRODUCTS_DIR; };
		1409824D29F15A9D00F7A3DF /* AppDelegate.h */ = {isa = PBXFileReference; lastKnownFileType = sourcecode.c.h; path = AppDelegate.h; sourceTree = "<group>"; };
		1409824E29F15A9D00F7A3DF /* AppDelegate.m */ = {isa = PBXFileReference; lastKnownFileType = sourcecode.c.objc; path = AppDelegate.m; sourceTree = "<group>"; };
		1409825029F15A9D00F7A3DF /* SceneDelegate.h */ = {isa = PBXFileReference; lastKnownFileType = sourcecode.c.h; path = SceneDelegate.h; sourceTree = "<group>"; };
		1409825129F15A9D00F7A3DF /* SceneDelegate.m */ = {isa = PBXFileReference; lastKnownFileType = sourcecode.c.objc; path = SceneDelegate.m; sourceTree = "<group>"; };
		1409825329F15A9D00F7A3DF /* ViewController.h */ = {isa = PBXFileReference; lastKnownFileType = sourcecode.c.h; path = ViewController.h; sourceTree = "<group>"; };
		1409825429F15A9D00F7A3DF /* ViewController.m */ = {isa = PBXFileReference; lastKnownFileType = sourcecode.c.objc; path = ViewController.m; sourceTree = "<group>"; };
		1409825729F15A9D00F7A3DF /* Base */ = {isa = PBXFileReference; lastKnownFileType = file.storyboard; name = Base; path = Base.lproj/Main.storyboard; sourceTree = "<group>"; };
		1409825929F15A9F00F7A3DF /* Assets.xcassets */ = {isa = PBXFileReference; lastKnownFileType = folder.assetcatalog; path = Assets.xcassets; sourceTree = "<group>"; };
		1409825C29F15A9F00F7A3DF /* Base */ = {isa = PBXFileReference; lastKnownFileType = file.storyboard; name = Base; path = Base.lproj/LaunchScreen.storyboard; sourceTree = "<group>"; };
		1409825E29F15A9F00F7A3DF /* Info.plist */ = {isa = PBXFileReference; lastKnownFileType = text.plist.xml; path = Info.plist; sourceTree = "<group>"; };
		1409825F29F15A9F00F7A3DF /* main.m */ = {isa = PBXFileReference; lastKnownFileType = sourcecode.c.objc; path = main.m; sourceTree = "<group>"; };
		1409826629F15B2E00F7A3DF /* MyFuckingPowerFilter.framework */ = {isa = PBXFileReference; lastKnownFileType = wrapper.framework; path = MyFuckingPowerFilter.framework; sourceTree = "<group>"; };
		1409826829F15C0F00F7A3DF /* libc++.tbd */ = {isa = PBXFileReference; lastKnownFileType = "sourcecode.text-based-dylib-definition"; name = "libc++.tbd"; path = "usr/lib/libc++.tbd"; sourceTree = SDKROOT; };
		14E3A2AF29F229EB0062FED0 /* m.dat */ = {isa = PBXFileReference; fileEncoding = 4; lastKnownFileType = text; path = m.dat; sourceTree = "<group>"; };
		14E3A2B029F229EB0062FED0 /* paramB */ = {isa = PBXFileReference; lastKnownFileType = file; path = paramB; sourceTree = "<group>"; };
		14E3A2B129F229EB0062FED0 /* license */ = {isa = PBXFileReference; fileEncoding = 4; lastKnownFileType = text; path = license; sourceTree = "<group>"; };
		14E3A2B229F229EB0062FED0 /* paramC */ = {isa = PBXFileReference; lastKnownFileType = file; path = paramC; sourceTree = "<group>"; };
		14E3A2B329F229EB0062FED0 /* paramA */ = {isa = PBXFileReference; lastKnownFileType = file; path = paramA; sourceTree = "<group>"; };
		14E3A2B429F229EB0062FED0 /* f.dat */ = {isa = PBXFileReference; fileEncoding = 4; lastKnownFileType = text; path = f.dat; sourceTree = "<group>"; };
		303118ACD86D0E9BC05C29D9 /* Pods_DBDome.framework */ = {isa = PBXFileReference; explicitFileType = wrapper.framework; includeInIndex = 0; path = Pods_DBDome.framework; sourceTree = BUILT_PRODUCTS_DIR; };
		4C168CEB2805682DAD0166BA /* Pods-DBDome.debug.xcconfig */ = {isa = PBXFileReference; includeInIndex = 1; lastKnownFileType = text.xcconfig; name = "Pods-DBDome.debug.xcconfig"; path = "Target Support Files/Pods-DBDome/Pods-DBDome.debug.xcconfig"; sourceTree = "<group>"; };
		B80ECC22D85A686F385952E1 /* Pods-DBDome.release.xcconfig */ = {isa = PBXFileReference; includeInIndex = 1; lastKnownFileType = text.xcconfig; name = "Pods-DBDome.release.xcconfig"; path = "Target Support Files/Pods-DBDome/Pods-DBDome.release.xcconfig"; sourceTree = "<group>"; };
/* End PBXFileReference section */

/* Begin PBXFrameworksBuildPhase section */
		1409824729F15A9D00F7A3DF /* Frameworks */ = {
			isa = PBXFrameworksBuildPhase;
			buildActionMask = 2147483647;
			files = (
				1409826929F15C1C00F7A3DF /* libc++.tbd in Frameworks */,
				1409826729F15B2E00F7A3DF /* MyFuckingPowerFilter.framework in Frameworks */,
				140A8DB1CE503E51B1269849 /* Pods_DBDome.framework in Frameworks */,
			);
			runOnlyForDeploymentPostprocessing = 0;
		};
/* End PBXFrameworksBuildPhase section */

/* Begin PBXGroup section */
		1219E98D07B0507F8BC7CF6C /* Pods */ = {
			isa = PBXGroup;
			children = (
				4C168CEB2805682DAD0166BA /* Pods-DBDome.debug.xcconfig */,
				B80ECC22D85A686F385952E1 /* Pods-DBDome.release.xcconfig */,
			);
			path = Pods;
			sourceTree = "<group>";
		};
		1409824129F15A9D00F7A3DF = {
			isa = PBXGroup;
			children = (
				1409824C29F15A9D00F7A3DF /* DBDome */,
				1409824B29F15A9D00F7A3DF /* Products */,
				1219E98D07B0507F8BC7CF6C /* Pods */,
				6C892A3D45A19A36540E4F2F /* Frameworks */,
			);
			sourceTree = "<group>";
		};
		1409824B29F15A9D00F7A3DF /* Products */ = {
			isa = PBXGroup;
			children = (
				1409824A29F15A9D00F7A3DF /* DBDome.app */,
			);
			name = Products;
			sourceTree = "<group>";
		};
		1409824C29F15A9D00F7A3DF /* DBDome */ = {
			isa = PBXGroup;
			children = (
				1409826629F15B2E00F7A3DF /* MyFuckingPowerFilter.framework */,
				1409824D29F15A9D00F7A3DF /* AppDelegate.h */,
				1409824E29F15A9D00F7A3DF /* AppDelegate.m */,
				1409825029F15A9D00F7A3DF /* SceneDelegate.h */,
				1409825129F15A9D00F7A3DF /* SceneDelegate.m */,
				1409825329F15A9D00F7A3DF /* ViewController.h */,
				1409825429F15A9D00F7A3DF /* ViewController.m */,
				14E3A2AE29F229EB0062FED0 /* Resources */,
				1409825629F15A9D00F7A3DF /* Main.storyboard */,
				1409825929F15A9F00F7A3DF /* Assets.xcassets */,
				1409825B29F15A9F00F7A3DF /* LaunchScreen.storyboard */,
				1409825E29F15A9F00F7A3DF /* Info.plist */,
				1409825F29F15A9F00F7A3DF /* main.m */,
			);
			path = DBDome;
			sourceTree = "<group>";
		};
		14E3A2AE29F229EB0062FED0 /* Resources */ = {
			isa = PBXGroup;
			children = (
				14E3A2AF29F229EB0062FED0 /* m.dat */,
				14E3A2B029F229EB0062FED0 /* paramB */,
				14E3A2B129F229EB0062FED0 /* license */,
				14E3A2B229F229EB0062FED0 /* paramC */,
				14E3A2B329F229EB0062FED0 /* paramA */,
				14E3A2B429F229EB0062FED0 /* f.dat */,
			);
			path = Resources;
			sourceTree = "<group>";
		};
		6C892A3D45A19A36540E4F2F /* Frameworks */ = {
			isa = PBXGroup;
			children = (
				1409826829F15C0F00F7A3DF /* libc++.tbd */,
				303118ACD86D0E9BC05C29D9 /* Pods_DBDome.framework */,
			);
			name = Frameworks;
			sourceTree = "<group>";
		};
/* End PBXGroup section */

/* Begin PBXNativeTarget section */
		1409824929F15A9D00F7A3DF /* DBDome */ = {
			isa = PBXNativeTarget;
			buildConfigurationList = 1409826329F15A9F00F7A3DF /* Build configuration list for PBXNativeTarget "DBDome" */;
			buildPhases = (
				FC86FDB7F25C7E3D5B966806 /* [CP] Check Pods Manifest.lock */,
				1409824629F15A9D00F7A3DF /* Sources */,
				1409824729F15A9D00F7A3DF /* Frameworks */,
				1409824829F15A9D00F7A3DF /* Resources */,
				563C46B8CA4966B513D9267C /* [CP] Embed Pods Frameworks */,
			);
			buildRules = (
			);
			dependencies = (
			);
			name = DBDome;
			productName = DBDome;
			productReference = 1409824A29F15A9D00F7A3DF /* DBDome.app */;
			productType = "com.apple.product-type.application";
		};
/* End PBXNativeTarget section */

/* Begin PBXProject section */
		1409824229F15A9D00F7A3DF /* Project object */ = {
			isa = PBXProject;
			attributes = {
				BuildIndependentTargetsInParallel = 1;
				LastUpgradeCheck = 1430;
				TargetAttributes = {
					1409824929F15A9D00F7A3DF = {
						CreatedOnToolsVersion = 14.3;
					};
				};
			};
			buildConfigurationList = 1409824529F15A9D00F7A3DF /* Build configuration list for PBXProject "DBDome" */;
			compatibilityVersion = "Xcode 14.0";
			developmentRegion = en;
			hasScannedForEncodings = 0;
			knownRegions = (
				en,
				Base,
			);
			mainGroup = 1409824129F15A9D00F7A3DF;
			productRefGroup = 1409824B29F15A9D00F7A3DF /* Products */;
			projectDirPath = "";
			projectRoot = "";
			targets = (
				1409824929F15A9D00F7A3DF /* DBDome */,
			);
		};
/* End PBXProject section */

/* Begin PBXResourcesBuildPhase section */
		1409824829F15A9D00F7A3DF /* Resources */ = {
			isa = PBXResourcesBuildPhase;
			buildActionMask = 2147483647;
			files = (
				14E3A2B929F229EB0062FED0 /* paramA in Resources */,
				14E3A2B729F229EB0062FED0 /* license in Resources */,
				14E3A2B629F229EB0062FED0 /* paramB in Resources */,
				1409825D29F15A9F00F7A3DF /* LaunchScreen.storyboard in Resources */,
				14E3A2B529F229EB0062FED0 /* m.dat in Resources */,
				1409825A29F15A9F00F7A3DF /* Assets.xcassets in Resources */,
				14E3A2BA29F229EB0062FED0 /* f.dat in Resources */,
				1409825829F15A9D00F7A3DF /* Main.storyboard in Resources */,
				14E3A2B829F229EB0062FED0 /* paramC in Resources */,
			);
			runOnlyForDeploymentPostprocessing = 0;
		};
/* End PBXResourcesBuildPhase section */

/* Begin PBXShellScriptBuildPhase section */
		563C46B8CA4966B513D9267C /* [CP] Embed Pods Frameworks */ = {
			isa = PBXShellScriptBuildPhase;
			buildActionMask = 2147483647;
			files = (
			);
			inputFileListPaths = (
				"${PODS_ROOT}/Target Support Files/Pods-DBDome/Pods-DBDome-frameworks-${CONFIGURATION}-input-files.xcfilelist",
			);
			name = "[CP] Embed Pods Frameworks";
			outputFileListPaths = (
				"${PODS_ROOT}/Target Support Files/Pods-DBDome/Pods-DBDome-frameworks-${CONFIGURATION}-output-files.xcfilelist",
			);
			runOnlyForDeploymentPostprocessing = 0;
			shellPath = /bin/sh;
			shellScript = "\"${PODS_ROOT}/Target Support Files/Pods-DBDome/Pods-DBDome-frameworks.sh\"\n";
			showEnvVarsInLog = 0;
		};
		FC86FDB7F25C7E3D5B966806 /* [CP] Check Pods Manifest.lock */ = {
			isa = PBXShellScriptBuildPhase;
			buildActionMask = 2147483647;
			files = (
			);
			inputFileListPaths = (
			);
			inputPaths = (
				"${PODS_PODFILE_DIR_PATH}/Podfile.lock",
				"${PODS_ROOT}/Manifest.lock",
			);
			name = "[CP] Check Pods Manifest.lock";
			outputFileListPaths = (
			);
			outputPaths = (
				"$(DERIVED_FILE_DIR)/Pods-DBDome-checkManifestLockResult.txt",
			);
			runOnlyForDeploymentPostprocessing = 0;
			shellPath = /bin/sh;
			shellScript = "diff \"${PODS_PODFILE_DIR_PATH}/Podfile.lock\" \"${PODS_ROOT}/Manifest.lock\" > /dev/null\nif [ $? != 0 ] ; then\n    # print error to STDERR\n    echo \"error: The sandbox is not in sync with the Podfile.lock. Run 'pod install' or update your CocoaPods installation.\" >&2\n    exit 1\nfi\n# This output is used by Xcode 'outputs' to avoid re-running this script phase.\necho \"SUCCESS\" > \"${SCRIPT_OUTPUT_FILE_0}\"\n";
			showEnvVarsInLog = 0;
		};
/* End PBXShellScriptBuildPhase section */

/* Begin PBXSourcesBuildPhase section */
		1409824629F15A9D00F7A3DF /* Sources */ = {
			isa = PBXSourcesBuildPhase;
			buildActionMask = 2147483647;
			files = (
				1409825529F15A9D00F7A3DF /* ViewController.m in Sources */,
				1409824F29F15A9D00F7A3DF /* AppDelegate.m in Sources */,
				1409826029F15A9F00F7A3DF /* main.m in Sources */,
				1409825229F15A9D00F7A3DF /* SceneDelegate.m in Sources */,
			);
			runOnlyForDeploymentPostprocessing = 0;
		};
/* End PBXSourcesBuildPhase section */

/* Begin PBXVariantGroup section */
		1409825629F15A9D00F7A3DF /* Main.storyboard */ = {
			isa = PBXVariantGroup;
			children = (
				1409825729F15A9D00F7A3DF /* Base */,
			);
			name = Main.storyboard;
			sourceTree = "<group>";
		};
		1409825B29F15A9F00F7A3DF /* LaunchScreen.storyboard */ = {
			isa = PBXVariantGroup;
			children = (
				1409825C29F15A9F00F7A3DF /* Base */,
			);
			name = LaunchScreen.storyboard;
			sourceTree = "<group>";
		};
/* End PBXVariantGroup section */

/* Begin XCBuildConfiguration section */
		1409826129F15A9F00F7A3DF /* Debug */ = {
			isa = XCBuildConfiguration;
			buildSettings = {
				ALWAYS_SEARCH_USER_PATHS = NO;
				CLANG_ANALYZER_NONNULL = YES;
				CLANG_ANALYZER_NUMBER_OBJECT_CONVERSION = YES_AGGRESSIVE;
				CLANG_CXX_LANGUAGE_STANDARD = "gnu++20";
				CLANG_ENABLE_MODULES = YES;
				CLANG_ENABLE_OBJC_ARC = YES;
				CLANG_ENABLE_OBJC_WEAK = YES;
				CLANG_WARN_BLOCK_CAPTURE_AUTORELEASING = YES;
				CLANG_WARN_BOOL_CONVERSION = YES;
				CLANG_WARN_COMMA = YES;
				CLANG_WARN_CONSTANT_CONVERSION = YES;
				CLANG_WARN_DEPRECATED_OBJC_IMPLEMENTATIONS = YES;
				CLANG_WARN_DIRECT_OBJC_ISA_USAGE = YES_ERROR;
				CLANG_WARN_DOCUMENTATION_COMMENTS = YES;
				CLANG_WARN_EMPTY_BODY = YES;
				CLANG_WARN_ENUM_CONVERSION = YES;
				CLANG_WARN_INFINITE_RECURSION = YES;
				CLANG_WARN_INT_CONVERSION = YES;
				CLANG_WARN_NON_LITERAL_NULL_CONVERSION = YES;
				CLANG_WARN_OBJC_IMPLICIT_RETAIN_SELF = YES;
				CLANG_WARN_OBJC_LITERAL_CONVERSION = YES;
				CLANG_WARN_OBJC_ROOT_CLASS = YES_ERROR;
				CLANG_WARN_QUOTED_INCLUDE_IN_FRAMEWORK_HEADER = YES;
				CLANG_WARN_RANGE_LOOP_ANALYSIS = YES;
				CLANG_WARN_STRICT_PROTOTYPES = YES;
				CLANG_WARN_SUSPICIOUS_MOVE = YES;
				CLANG_WARN_UNGUARDED_AVAILABILITY = YES_AGGRESSIVE;
				CLANG_WARN_UNREACHABLE_CODE = YES;
				CLANG_WARN__DUPLICATE_METHOD_MATCH = YES;
				COPY_PHASE_STRIP = NO;
				DEBUG_INFORMATION_FORMAT = dwarf;
				ENABLE_STRICT_OBJC_MSGSEND = YES;
				ENABLE_TESTABILITY = YES;
				GCC_C_LANGUAGE_STANDARD = gnu11;
				GCC_DYNAMIC_NO_PIC = NO;
				GCC_NO_COMMON_BLOCKS = YES;
				GCC_OPTIMIZATION_LEVEL = 0;
				GCC_PREPROCESSOR_DEFINITIONS = (
					"DEBUG=1",
					"$(inherited)",
				);
				GCC_WARN_64_TO_32_BIT_CONVERSION = YES;
				GCC_WARN_ABOUT_RETURN_TYPE = YES_ERROR;
				GCC_WARN_UNDECLARED_SELECTOR = YES;
				GCC_WARN_UNINITIALIZED_AUTOS = YES_AGGRESSIVE;
				GCC_WARN_UNUSED_FUNCTION = YES;
				GCC_WARN_UNUSED_VARIABLE = YES;
				IPHONEOS_DEPLOYMENT_TARGET = 14.0;
				MTL_ENABLE_DEBUG_INFO = INCLUDE_SOURCE;
				MTL_FAST_MATH = YES;
				ONLY_ACTIVE_ARCH = YES;
				SDKROOT = iphoneos;
			};
			name = Debug;
		};
		1409826229F15A9F00F7A3DF /* Release */ = {
			isa = XCBuildConfiguration;
			buildSettings = {
				ALWAYS_SEARCH_USER_PATHS = NO;
				CLANG_ANALYZER_NONNULL = YES;
				CLANG_ANALYZER_NUMBER_OBJECT_CONVERSION = YES_AGGRESSIVE;
				CLANG_CXX_LANGUAGE_STANDARD = "gnu++20";
				CLANG_ENABLE_MODULES = YES;
				CLANG_ENABLE_OBJC_ARC = YES;
				CLANG_ENABLE_OBJC_WEAK = YES;
				CLANG_WARN_BLOCK_CAPTURE_AUTORELEASING = YES;
				CLANG_WARN_BOOL_CONVERSION = YES;
				CLANG_WARN_COMMA = YES;
				CLANG_WARN_CONSTANT_CONVERSION = YES;
				CLANG_WARN_DEPRECATED_OBJC_IMPLEMENTATIONS = YES;
				CLANG_WARN_DIRECT_OBJC_ISA_USAGE = YES_ERROR;
				CLANG_WARN_DOCUMENTATION_COMMENTS = YES;
				CLANG_WARN_EMPTY_BODY = YES;
				CLANG_WARN_ENUM_CONVERSION = YES;
				CLANG_WARN_INFINITE_RECURSION = YES;
				CLANG_WARN_INT_CONVERSION = YES;
				CLANG_WARN_NON_LITERAL_NULL_CONVERSION = YES;
				CLANG_WARN_OBJC_IMPLICIT_RETAIN_SELF = YES;
				CLANG_WARN_OBJC_LITERAL_CONVERSION = YES;
				CLANG_WARN_OBJC_ROOT_CLASS = YES_ERROR;
				CLANG_WARN_QUOTED_INCLUDE_IN_FRAMEWORK_HEADER = YES;
				CLANG_WARN_RANGE_LOOP_ANALYSIS = YES;
				CLANG_WARN_STRICT_PROTOTYPES = YES;
				CLANG_WARN_SUSPICIOUS_MOVE = YES;
				CLANG_WARN_UNGUARDED_AVAILABILITY = YES_AGGRESSIVE;
				CLANG_WARN_UNREACHABLE_CODE = YES;
				CLANG_WARN__DUPLICATE_METHOD_MATCH = YES;
				COPY_PHASE_STRIP = NO;
				DEBUG_INFORMATION_FORMAT = "dwarf-with-dsym";
				ENABLE_NS_ASSERTIONS = NO;
				ENABLE_STRICT_OBJC_MSGSEND = YES;
				GCC_C_LANGUAGE_STANDARD = gnu11;
				GCC_NO_COMMON_BLOCKS = YES;
				GCC_WARN_64_TO_32_BIT_CONVERSION = YES;
				GCC_WARN_ABOUT_RETURN_TYPE = YES_ERROR;
				GCC_WARN_UNDECLARED_SELECTOR = YES;
				GCC_WARN_UNINITIALIZED_AUTOS = YES_AGGRESSIVE;
				GCC_WARN_UNUSED_FUNCTION = YES;
				GCC_WARN_UNUSED_VARIABLE = YES;
				IPHONEOS_DEPLOYMENT_TARGET = 14.0;
				MTL_ENABLE_DEBUG_INFO = NO;
				MTL_FAST_MATH = YES;
				SDKROOT = iphoneos;
				VALIDATE_PRODUCT = YES;
			};
			name = Release;
		};
		1409826429F15A9F00F7A3DF /* Debug */ = {
			isa = XCBuildConfiguration;
			baseConfigurationReference = 4C168CEB2805682DAD0166BA /* Pods-DBDome.debug.xcconfig */;
			buildSettings = {
				ASSETCATALOG_COMPILER_APPICON_NAME = AppIcon;
				ASSETCATALOG_COMPILER_GLOBAL_ACCENT_COLOR_NAME = AccentColor;
				CODE_SIGN_STYLE = Automatic;
				CURRENT_PROJECT_VERSION = 1;
				DEVELOPMENT_TEAM = XZHPG8VYHC;
				FRAMEWORK_SEARCH_PATHS = (
					"$(inherited)",
					"$(PROJECT_DIR)/DBDome",
				);
				GENERATE_INFOPLIST_FILE = YES;
				INFOPLIST_FILE = DBDome/Info.plist;
				INFOPLIST_KEY_NSMicrophoneUsageDescription = "we need Microphone";
				INFOPLIST_KEY_UIApplicationSupportsIndirectInputEvents = YES;
				INFOPLIST_KEY_UILaunchStoryboardName = LaunchScreen;
				INFOPLIST_KEY_UIMainStoryboardFile = Main;
				INFOPLIST_KEY_UISupportedInterfaceOrientations_iPad = "UIInterfaceOrientationPortrait UIInterfaceOrientationPortraitUpsideDown UIInterfaceOrientationLandscapeLeft UIInterfaceOrientationLandscapeRight";
				INFOPLIST_KEY_UISupportedInterfaceOrientations_iPhone = "UIInterfaceOrientationPortrait UIInterfaceOrientationLandscapeLeft UIInterfaceOrientationLandscapeRight";
				IPHONEOS_DEPLOYMENT_TARGET = 14.0;
				LD_RUNPATH_SEARCH_PATHS = (
					"$(inherited)",
					"@executable_path/Frameworks",
				);
				MARKETING_VERSION = 1.0;
				PRODUCT_BUNDLE_IDENTIFIER = com.gerzz.demo;
				PRODUCT_NAME = "$(TARGET_NAME)";
				SWIFT_EMIT_LOC_STRINGS = YES;
				TARGETED_DEVICE_FAMILY = "1,2";
			};
			name = Debug;
		};
		1409826529F15A9F00F7A3DF /* Release */ = {
			isa = XCBuildConfiguration;
			baseConfigurationReference = B80ECC22D85A686F385952E1 /* Pods-DBDome.release.xcconfig */;
			buildSettings = {
				ASSETCATALOG_COMPILER_APPICON_NAME = AppIcon;
				ASSETCATALOG_COMPILER_GLOBAL_ACCENT_COLOR_NAME = AccentColor;
				CODE_SIGN_STYLE = Automatic;
				CURRENT_PROJECT_VERSION = 1;
				DEVELOPMENT_TEAM = XZHPG8VYHC;
				FRAMEWORK_SEARCH_PATHS = (
					"$(inherited)",
					"$(PROJECT_DIR)/DBDome",
				);
				GENERATE_INFOPLIST_FILE = YES;
				INFOPLIST_FILE = DBDome/Info.plist;
				INFOPLIST_KEY_NSMicrophoneUsageDescription = "we need Microphone";
				INFOPLIST_KEY_UIApplicationSupportsIndirectInputEvents = YES;
				INFOPLIST_KEY_UILaunchStoryboardName = LaunchScreen;
				INFOPLIST_KEY_UIMainStoryboardFile = Main;
				INFOPLIST_KEY_UISupportedInterfaceOrientations_iPad = "UIInterfaceOrientationPortrait UIInterfaceOrientationPortraitUpsideDown UIInterfaceOrientationLandscapeLeft UIInterfaceOrientationLandscapeRight";
				INFOPLIST_KEY_UISupportedInterfaceOrientations_iPhone = "UIInterfaceOrientationPortrait UIInterfaceOrientationLandscapeLeft UIInterfaceOrientationLandscapeRight";
				IPHONEOS_DEPLOYMENT_TARGET = 14.0;
				LD_RUNPATH_SEARCH_PATHS = (
					"$(inherited)",
					"@executable_path/Frameworks",
				);
				MARKETING_VERSION = 1.0;
				PRODUCT_BUNDLE_IDENTIFIER = com.gerzz.demo;
				PRODUCT_NAME = "$(TARGET_NAME)";
				SWIFT_EMIT_LOC_STRINGS = YES;
				TARGETED_DEVICE_FAMILY = "1,2";
			};
			name = Release;
		};
/* End XCBuildConfiguration section */

/* Begin XCConfigurationList section */
		1409824529F15A9D00F7A3DF /* Build configuration list for PBXProject "DBDome" */ = {
			isa = XCConfigurationList;
			buildConfigurations = (
				1409826129F15A9F00F7A3DF /* Debug */,
				1409826229F15A9F00F7A3DF /* Release */,
			);
			defaultConfigurationIsVisible = 0;
			defaultConfigurationName = Release;
		};
		1409826329F15A9F00F7A3DF /* Build configuration list for PBXNativeTarget "DBDome" */ = {
			isa = XCConfigurationList;
			buildConfigurations = (
				1409826429F15A9F00F7A3DF /* Debug */,
				1409826529F15A9F00F7A3DF /* Release */,
			);
			defaultConfigurationIsVisible = 0;
			defaultConfigurationName = Release;
		};
/* End XCConfigurationList section */
	};
	rootObject = 1409824229F15A9D00F7A3DF /* Project object */;
}
